PODS:
  - IBMMobileFirstPlatformFoundation (8.0.2020032408)
  - lottie-ios (3.1.6)
  - SwiftLint (0.39.1)

DEPENDENCIES:
  - IBMMobileFirstPlatformFoundation
  - lottie-ios
  - SwiftLint

SPEC REPOS:
  https://github.com/CocoaPods/Specs.git:
    - IBMMobileFirstPlatformFoundation
    - lottie-ios
    - SwiftLint

SPEC CHECKSUMS:
  IBMMobileFirstPlatformFoundation: 7b47eb132e3b3c1aaca27f1cef11090347c01798
  lottie-ios: 85ce835dd8c53e02509f20729fc7d6a4e6645a0a
  SwiftLint: 55e96a4a4d537d4a3156859fc1c54bd24851a046

PODFILE CHECKSUM: fe56319a90b0d449514bd558c52b9e539e1fcd16

COCOAPODS: 1.9.1
